// !$*UTF8*$!
{
	archiveVersion = 1;
	classes = {
	};
	objectVersion = 56;
	objects = {

/* Begin PBXBuildFile section */
		970ECEE89DD4D20BE32702F9 /* PermissionsKit in Frameworks */ = {isa = PBXBuildFile; productRef = 72C608E1D339CB8EF4E54F7F /* PermissionsKit */; };
		B826B8DE2B0F749B009C6A6F /* AppDelegate.swift in Sources */ = {isa = PBXBuildFile; fileRef = B826B8DB2B0F741A009C6A6F /* AppDelegate.swift */; };
		B826B8DF2B0F74A2009C6A6F /* Main.storyboard in Resources */ = {isa = PBXBuildFile; fileRef = B826B8DD2B0F745B009C6A6F /* Main.storyboard */; };
		B843A4692B0B6E1800BE2277 /* WidgetKit.framework in Frameworks */ = {isa = PBXBuildFile; fileRef = B884DDDC2B0B6C6900EA00B3 /* WidgetKit.framework */; };
		B843A46A2B0B6E1800BE2277 /* SwiftUI.framework in Frameworks */ = {isa = PBXBuildFile; fileRef = B884DDDE2B0B6C6900EA00B3 /* SwiftUI.framework */; };
		B843A46D2B0B6E1800BE2277 /* BackupStatusWidgetBundle.swift in Sources */ = {isa = PBXBuildFile; fileRef = B843A46C2B0B6E1800BE2277 /* BackupStatusWidgetBundle.swift */; };
		B843A46F2B0B6E1800BE2277 /* BackupDiskStatusWidget.swift in Sources */ = {isa = PBXBuildFile; fileRef = B843A46E2B0B6E1800BE2277 /* BackupDiskStatusWidget.swift */; };
		B843A4712B0B6E1800BE2277 /* BackupDiskStatusWidgetIntent.swift in Sources */ = {isa = PBXBuildFile; fileRef = B843A4702B0B6E1800BE2277 /* BackupDiskStatusWidgetIntent.swift */; };
		B843A4732B0B6E1900BE2277 /* Assets.xcassets in Resources */ = {isa = PBXBuildFile; fileRef = B843A4722B0B6E1900BE2277 /* Assets.xcassets */; };
		B843A4782B0B6E1900BE2277 /* Backup Status Widget.appex in Embed Foundation Extensions */ = {isa = PBXBuildFile; fileRef = B843A4682B0B6E1800BE2277 /* Backup Status Widget.appex */; settings = {ATTRIBUTES = (RemoveHeadersOnCopy, ); }; };
		B843A4842B0B7A9500BE2277 /* PreferencesFile.swift in Sources */ = {isa = PBXBuildFile; fileRef = B843A4832B0B7A9500BE2277 /* PreferencesFile.swift */; };
		B843A4862B0CAD1B00BE2277 /* StartAtLaunch.swift in Sources */ = {isa = PBXBuildFile; fileRef = B843A4852B0CAD1B00BE2277 /* StartAtLaunch.swift */; };
		B843A4882B0CAEB200BE2277 /* Logger+Extensions.swift in Sources */ = {isa = PBXBuildFile; fileRef = B843A4872B0CAEB200BE2277 /* Logger+Extensions.swift */; };
		B843A48A2B0CC38700BE2277 /* Preferences.swift in Sources */ = {isa = PBXBuildFile; fileRef = B843A4892B0CC38700BE2277 /* Preferences.swift */; };
		B843A48E2B0CDC0C00BE2277 /* UserDefaults+Extensions.swift in Sources */ = {isa = PBXBuildFile; fileRef = B843A48D2B0CDC0C00BE2277 /* UserDefaults+Extensions.swift */; };
		B843A4982B0CEA1100BE2277 /* Preferences.swift in Sources */ = {isa = PBXBuildFile; fileRef = B843A4892B0CC38700BE2277 /* Preferences.swift */; };
		B843A4992B0CEA5A00BE2277 /* Logger+Extensions.swift in Sources */ = {isa = PBXBuildFile; fileRef = B843A4872B0CAEB200BE2277 /* Logger+Extensions.swift */; };
		B843A49A2B0CEA6400BE2277 /* UserDefaults+Extensions.swift in Sources */ = {isa = PBXBuildFile; fileRef = B843A48D2B0CDC0C00BE2277 /* UserDefaults+Extensions.swift */; };
		B843A4A02B0CEE1100BE2277 /* BackupDiskStatusWidgetView.swift in Sources */ = {isa = PBXBuildFile; fileRef = B843A49E2B0CEE0700BE2277 /* BackupDiskStatusWidgetView.swift */; };
		B8475E002B0B6C25005FD99C /* AppView.swift in Sources */ = {isa = PBXBuildFile; fileRef = B8475DFF2B0B6C25005FD99C /* AppView.swift */; };
		B8475E022B0B6C26005FD99C /* Assets.xcassets in Resources */ = {isa = PBXBuildFile; fileRef = B8475E012B0B6C26005FD99C /* Assets.xcassets */; };
		B8475E052B0B6C26005FD99C /* Preview Assets.xcassets in Resources */ = {isa = PBXBuildFile; fileRef = B8475E042B0B6C26005FD99C /* Preview Assets.xcassets */; };
		B8DC70992B0E04D0002834C8 /* BackupDiskStatusWidgetView.swift in Sources */ = {isa = PBXBuildFile; fileRef = B843A49E2B0CEE0700BE2277 /* BackupDiskStatusWidgetView.swift */; };
		B8DC709C2B0E105B002834C8 /* DiskUsageView.swift in Sources */ = {isa = PBXBuildFile; fileRef = B8DC709B2B0E1058002834C8 /* DiskUsageView.swift */; };
		B8DC709D2B0E105B002834C8 /* DiskUsageView.swift in Sources */ = {isa = PBXBuildFile; fileRef = B8DC709B2B0E1058002834C8 /* DiskUsageView.swift */; };
/* End PBXBuildFile section */

/* Begin PBXContainerItemProxy section */
		B843A4762B0B6E1900BE2277 /* PBXContainerItemProxy */ = {
			isa = PBXContainerItemProxy;
			containerPortal = B8475DF22B0B6C25005FD99C /* Project object */;
			proxyType = 1;
			remoteGlobalIDString = B843A4672B0B6E1800BE2277;
			remoteInfo = BackupStatusWidgetExtension;
		};
/* End PBXContainerItemProxy section */

/* Begin PBXCopyFilesBuildPhase section */
		B884DDEE2B0B6C6A00EA00B3 /* Embed Foundation Extensions */ = {
			isa = PBXCopyFilesBuildPhase;
			buildActionMask = 2147483647;
			dstPath = "";
			dstSubfolderSpec = 13;
			files = (
				B843A4782B0B6E1900BE2277 /* Backup Status Widget.appex in Embed Foundation Extensions */,
			);
			name = "Embed Foundation Extensions";
			runOnlyForDeploymentPostprocessing = 0;
		};
/* End PBXCopyFilesBuildPhase section */

/* Begin PBXFileReference section */
		B826B8DB2B0F741A009C6A6F /* AppDelegate.swift */ = {isa = PBXFileReference; lastKnownFileType = sourcecode.swift; path = AppDelegate.swift; sourceTree = "<group>"; };
		B826B8DD2B0F745B009C6A6F /* Main.storyboard */ = {isa = PBXFileReference; lastKnownFileType = file.storyboard; path = Main.storyboard; sourceTree = "<group>"; };
		B843A4682B0B6E1800BE2277 /* Backup Status Widget.appex */ = {isa = PBXFileReference; explicitFileType = "wrapper.app-extension"; includeInIndex = 0; path = "Backup Status Widget.appex"; sourceTree = BUILT_PRODUCTS_DIR; };
		B843A46C2B0B6E1800BE2277 /* BackupStatusWidgetBundle.swift */ = {isa = PBXFileReference; lastKnownFileType = sourcecode.swift; path = BackupStatusWidgetBundle.swift; sourceTree = "<group>"; };
		B843A46E2B0B6E1800BE2277 /* BackupDiskStatusWidget.swift */ = {isa = PBXFileReference; lastKnownFileType = sourcecode.swift; path = BackupDiskStatusWidget.swift; sourceTree = "<group>"; };
		B843A4702B0B6E1800BE2277 /* BackupDiskStatusWidgetIntent.swift */ = {isa = PBXFileReference; lastKnownFileType = sourcecode.swift; path = BackupDiskStatusWidgetIntent.swift; sourceTree = "<group>"; };
		B843A4722B0B6E1900BE2277 /* Assets.xcassets */ = {isa = PBXFileReference; lastKnownFileType = folder.assetcatalog; path = Assets.xcassets; sourceTree = "<group>"; };
		B843A4742B0B6E1900BE2277 /* Info.plist */ = {isa = PBXFileReference; lastKnownFileType = text.plist.xml; path = Info.plist; sourceTree = "<group>"; };
		B843A4752B0B6E1900BE2277 /* BackupStatusWidget.entitlements */ = {isa = PBXFileReference; lastKnownFileType = text.plist.entitlements; path = BackupStatusWidget.entitlements; sourceTree = "<group>"; };
		B843A4832B0B7A9500BE2277 /* PreferencesFile.swift */ = {isa = PBXFileReference; lastKnownFileType = sourcecode.swift; path = PreferencesFile.swift; sourceTree = "<group>"; };
		B843A4852B0CAD1B00BE2277 /* StartAtLaunch.swift */ = {isa = PBXFileReference; lastKnownFileType = sourcecode.swift; path = StartAtLaunch.swift; sourceTree = "<group>"; };
		B843A4872B0CAEB200BE2277 /* Logger+Extensions.swift */ = {isa = PBXFileReference; lastKnownFileType = sourcecode.swift; path = "Logger+Extensions.swift"; sourceTree = "<group>"; };
		B843A4892B0CC38700BE2277 /* Preferences.swift */ = {isa = PBXFileReference; lastKnownFileType = sourcecode.swift; path = Preferences.swift; sourceTree = "<group>"; };
		B843A48D2B0CDC0C00BE2277 /* UserDefaults+Extensions.swift */ = {isa = PBXFileReference; lastKnownFileType = sourcecode.swift; path = "UserDefaults+Extensions.swift"; sourceTree = "<group>"; };
		B843A49E2B0CEE0700BE2277 /* BackupDiskStatusWidgetView.swift */ = {isa = PBXFileReference; lastKnownFileType = sourcecode.swift; path = BackupDiskStatusWidgetView.swift; sourceTree = "<group>"; };
		B8475DFA2B0B6C25005FD99C /* Backup Status.app */ = {isa = PBXFileReference; explicitFileType = wrapper.application; includeInIndex = 0; path = "Backup Status.app"; sourceTree = BUILT_PRODUCTS_DIR; };
		B8475DFF2B0B6C25005FD99C /* AppView.swift */ = {isa = PBXFileReference; lastKnownFileType = sourcecode.swift; path = AppView.swift; sourceTree = "<group>"; };
		B8475E012B0B6C26005FD99C /* Assets.xcassets */ = {isa = PBXFileReference; lastKnownFileType = folder.assetcatalog; path = Assets.xcassets; sourceTree = "<group>"; };
		B8475E042B0B6C26005FD99C /* Preview Assets.xcassets */ = {isa = PBXFileReference; lastKnownFileType = folder.assetcatalog; path = "Preview Assets.xcassets"; sourceTree = "<group>"; };
		B8475E062B0B6C26005FD99C /* BackupStatus.entitlements */ = {isa = PBXFileReference; lastKnownFileType = text.plist.entitlements; path = BackupStatus.entitlements; sourceTree = "<group>"; };
		B884DDDC2B0B6C6900EA00B3 /* WidgetKit.framework */ = {isa = PBXFileReference; lastKnownFileType = wrapper.framework; name = WidgetKit.framework; path = System/Library/Frameworks/WidgetKit.framework; sourceTree = SDKROOT; };
		B884DDDE2B0B6C6900EA00B3 /* SwiftUI.framework */ = {isa = PBXFileReference; lastKnownFileType = wrapper.framework; name = SwiftUI.framework; path = System/Library/Frameworks/SwiftUI.framework; sourceTree = SDKROOT; };
		B8DC709B2B0E1058002834C8 /* DiskUsageView.swift */ = {isa = PBXFileReference; lastKnownFileType = sourcecode.swift; path = DiskUsageView.swift; sourceTree = "<group>"; };
/* End PBXFileReference section */

/* Begin PBXFrameworksBuildPhase section */
		B843A4652B0B6E1800BE2277 /* Frameworks */ = {
			isa = PBXFrameworksBuildPhase;
			buildActionMask = 2147483647;
			files = (
				B843A46A2B0B6E1800BE2277 /* SwiftUI.framework in Frameworks */,
				B843A4692B0B6E1800BE2277 /* WidgetKit.framework in Frameworks */,
			);
			runOnlyForDeploymentPostprocessing = 0;
		};
		B8475DF72B0B6C25005FD99C /* Frameworks */ = {
			isa = PBXFrameworksBuildPhase;
			buildActionMask = 2147483647;
			files = (
				970ECEE89DD4D20BE32702F9 /* PermissionsKit in Frameworks */,
			);
			runOnlyForDeploymentPostprocessing = 0;
		};
/* End PBXFrameworksBuildPhase section */

/* Begin PBXGroup section */
		B843A46B2B0B6E1800BE2277 /* BackupStatusWidget */ = {
			isa = PBXGroup;
			children = (
				B843A46C2B0B6E1800BE2277 /* BackupStatusWidgetBundle.swift */,
				B843A46E2B0B6E1800BE2277 /* BackupDiskStatusWidget.swift */,
				B843A4702B0B6E1800BE2277 /* BackupDiskStatusWidgetIntent.swift */,
				B843A49E2B0CEE0700BE2277 /* BackupDiskStatusWidgetView.swift */,
				B8DC709B2B0E1058002834C8 /* DiskUsageView.swift */,
				B843A4722B0B6E1900BE2277 /* Assets.xcassets */,
				B843A4742B0B6E1900BE2277 /* Info.plist */,
				B843A4752B0B6E1900BE2277 /* BackupStatusWidget.entitlements */,
			);
			path = BackupStatusWidget;
			sourceTree = "<group>";
		};
		B8475DF12B0B6C25005FD99C = {
			isa = PBXGroup;
			children = (
				B8475DFC2B0B6C25005FD99C /* BackupStatus */,
				B843A46B2B0B6E1800BE2277 /* BackupStatusWidget */,
				B884DDDB2B0B6C6900EA00B3 /* Frameworks */,
				B8475DFB2B0B6C25005FD99C /* Products */,
			);
			sourceTree = "<group>";
		};
		B8475DFB2B0B6C25005FD99C /* Products */ = {
			isa = PBXGroup;
			children = (
				B8475DFA2B0B6C25005FD99C /* Backup Status.app */,
				B843A4682B0B6E1800BE2277 /* Backup Status Widget.appex */,
			);
			name = Products;
			sourceTree = "<group>";
		};
		B8475DFC2B0B6C25005FD99C /* BackupStatus */ = {
			isa = PBXGroup;
			children = (
				B826B8DB2B0F741A009C6A6F /* AppDelegate.swift */,
				B8475DFF2B0B6C25005FD99C /* AppView.swift */,
				B843A4852B0CAD1B00BE2277 /* StartAtLaunch.swift */,
				B843A4832B0B7A9500BE2277 /* PreferencesFile.swift */,
				B843A4892B0CC38700BE2277 /* Preferences.swift */,
				B843A4872B0CAEB200BE2277 /* Logger+Extensions.swift */,
				B843A48D2B0CDC0C00BE2277 /* UserDefaults+Extensions.swift */,
				B8475E012B0B6C26005FD99C /* Assets.xcassets */,
				B8475E062B0B6C26005FD99C /* BackupStatus.entitlements */,
				B826B8DD2B0F745B009C6A6F /* Main.storyboard */,
				B8475E032B0B6C26005FD99C /* Preview Content */,
			);
			path = BackupStatus;
			sourceTree = "<group>";
		};
		B8475E032B0B6C26005FD99C /* Preview Content */ = {
			isa = PBXGroup;
			children = (
				B8475E042B0B6C26005FD99C /* Preview Assets.xcassets */,
			);
			path = "Preview Content";
			sourceTree = "<group>";
		};
		B884DDDB2B0B6C6900EA00B3 /* Frameworks */ = {
			isa = PBXGroup;
			children = (
				B884DDDC2B0B6C6900EA00B3 /* WidgetKit.framework */,
				B884DDDE2B0B6C6900EA00B3 /* SwiftUI.framework */,
			);
			name = Frameworks;
			sourceTree = "<group>";
		};
/* End PBXGroup section */

/* Begin PBXNativeTarget section */
		B843A4672B0B6E1800BE2277 /* Backup Status Widget */ = {
			isa = PBXNativeTarget;
			buildConfigurationList = B843A4792B0B6E1900BE2277 /* Build configuration list for PBXNativeTarget "Backup Status Widget" */;
			buildPhases = (
				B843A4642B0B6E1800BE2277 /* Sources */,
				B843A4652B0B6E1800BE2277 /* Frameworks */,
				B843A4662B0B6E1800BE2277 /* Resources */,
			);
			buildRules = (
			);
			dependencies = (
			);
			name = "Backup Status Widget";
			productName = BackupStatusWidgetExtension;
			productReference = B843A4682B0B6E1800BE2277 /* Backup Status Widget.appex */;
			productType = "com.apple.product-type.app-extension";
		};
		B8475DF92B0B6C25005FD99C /* Backup Status */ = {
			isa = PBXNativeTarget;
			buildConfigurationList = B8475E092B0B6C26005FD99C /* Build configuration list for PBXNativeTarget "Backup Status" */;
			buildPhases = (
				B8475DF62B0B6C25005FD99C /* Sources */,
				B8475DF72B0B6C25005FD99C /* Frameworks */,
				B8475DF82B0B6C25005FD99C /* Resources */,
				B884DDEE2B0B6C6A00EA00B3 /* Embed Foundation Extensions */,
			);
			buildRules = (
			);
			dependencies = (
				B843A4772B0B6E1900BE2277 /* PBXTargetDependency */,
			);
			name = "Backup Status";
			packageProductDependencies = (
				72C608E1D339CB8EF4E54F7F /* PermissionsKit */,
			);
			productName = "Backup Status";
			productReference = B8475DFA2B0B6C25005FD99C /* Backup Status.app */;
			productType = "com.apple.product-type.application";
		};
/* End PBXNativeTarget section */

/* Begin PBXProject section */
		B8475DF22B0B6C25005FD99C /* Project object */ = {
			isa = PBXProject;
			attributes = {
				BuildIndependentTargetsInParallel = 1;
				LastSwiftUpdateCheck = 1500;
				LastUpgradeCheck = 1500;
				TargetAttributes = {
					B843A4672B0B6E1800BE2277 = {
						CreatedOnToolsVersion = 15.0.1;
					};
					B8475DF92B0B6C25005FD99C = {
						CreatedOnToolsVersion = 15.0.1;
					};
				};
			};
			buildConfigurationList = B8475DF52B0B6C25005FD99C /* Build configuration list for PBXProject "BackupStatus" */;
			compatibilityVersion = "Xcode 14.0";
			developmentRegion = en;
			hasScannedForEncodings = 0;
			knownRegions = (
				en,
				Base,
			);
			mainGroup = B8475DF12B0B6C25005FD99C;
			packageReferences = (
				C3EFCC23E7F4E4F0295D6BD2 /* XCRemoteSwiftPackageReference "PermissionsKit" */,
			);
			productRefGroup = B8475DFB2B0B6C25005FD99C /* Products */;
			projectDirPath = "";
			projectRoot = "";
			targets = (
				B8475DF92B0B6C25005FD99C /* Backup Status */,
				B843A4672B0B6E1800BE2277 /* Backup Status Widget */,
			);
		};
/* End PBXProject section */

/* Begin PBXResourcesBuildPhase section */
		B843A4662B0B6E1800BE2277 /* Resources */ = {
			isa = PBXResourcesBuildPhase;
			buildActionMask = 2147483647;
			files = (
				B843A4732B0B6E1900BE2277 /* Assets.xcassets in Resources */,
			);
			runOnlyForDeploymentPostprocessing = 0;
		};
		B8475DF82B0B6C25005FD99C /* Resources */ = {
			isa = PBXResourcesBuildPhase;
			buildActionMask = 2147483647;
			files = (
				B826B8DF2B0F74A2009C6A6F /* Main.storyboard in Resources */,
				B8475E052B0B6C26005FD99C /* Preview Assets.xcassets in Resources */,
				B8475E022B0B6C26005FD99C /* Assets.xcassets in Resources */,
			);
			runOnlyForDeploymentPostprocessing = 0;
		};
/* End PBXResourcesBuildPhase section */

/* Begin PBXSourcesBuildPhase section */
		B843A4642B0B6E1800BE2277 /* Sources */ = {
			isa = PBXSourcesBuildPhase;
			buildActionMask = 2147483647;
			files = (
				B843A46D2B0B6E1800BE2277 /* BackupStatusWidgetBundle.swift in Sources */,
				B843A4992B0CEA5A00BE2277 /* Logger+Extensions.swift in Sources */,
				B8DC709C2B0E105B002834C8 /* DiskUsageView.swift in Sources */,
				B843A4A02B0CEE1100BE2277 /* BackupDiskStatusWidgetView.swift in Sources */,
				B843A46F2B0B6E1800BE2277 /* BackupDiskStatusWidget.swift in Sources */,
				B843A4982B0CEA1100BE2277 /* Preferences.swift in Sources */,
				B843A49A2B0CEA6400BE2277 /* UserDefaults+Extensions.swift in Sources */,
				B843A4712B0B6E1800BE2277 /* BackupDiskStatusWidgetIntent.swift in Sources */,
			);
			runOnlyForDeploymentPostprocessing = 0;
		};
		B8475DF62B0B6C25005FD99C /* Sources */ = {
			isa = PBXSourcesBuildPhase;
			buildActionMask = 2147483647;
			files = (
				B8475E002B0B6C25005FD99C /* AppView.swift in Sources */,
				B843A48A2B0CC38700BE2277 /* Preferences.swift in Sources */,
				B843A4842B0B7A9500BE2277 /* PreferencesFile.swift in Sources */,
				B826B8DE2B0F749B009C6A6F /* AppDelegate.swift in Sources */,
				B8DC709D2B0E105B002834C8 /* DiskUsageView.swift in Sources */,
				B843A48E2B0CDC0C00BE2277 /* UserDefaults+Extensions.swift in Sources */,
				B8DC70992B0E04D0002834C8 /* BackupDiskStatusWidgetView.swift in Sources */,
				B843A4882B0CAEB200BE2277 /* Logger+Extensions.swift in Sources */,
				B843A4862B0CAD1B00BE2277 /* StartAtLaunch.swift in Sources */,
			);
			runOnlyForDeploymentPostprocessing = 0;
		};
/* End PBXSourcesBuildPhase section */

/* Begin PBXTargetDependency section */
		B843A4772B0B6E1900BE2277 /* PBXTargetDependency */ = {
			isa = PBXTargetDependency;
			target = B843A4672B0B6E1800BE2277 /* Backup Status Widget */;
			targetProxy = B843A4762B0B6E1900BE2277 /* PBXContainerItemProxy */;
		};
/* End PBXTargetDependency section */

/* Begin XCBuildConfiguration section */
		B843A47A2B0B6E1900BE2277 /* Debug */ = {
			isa = XCBuildConfiguration;
			buildSettings = {
				ASSETCATALOG_COMPILER_GLOBAL_ACCENT_COLOR_NAME = AccentColor;
				ASSETCATALOG_COMPILER_WIDGET_BACKGROUND_COLOR_NAME = WidgetBackground;
				CODE_SIGN_ENTITLEMENTS = BackupStatusWidget/BackupStatusWidget.entitlements;
				CODE_SIGN_STYLE = Automatic;
				CURRENT_PROJECT_VERSION = 2;
				DEVELOPMENT_TEAM = DNG6HL3Y5G;
				ENABLE_APP_SANDBOX = NO;
				ENABLE_HARDENED_RUNTIME = YES;
				GENERATE_INFOPLIST_FILE = YES;
				INFOPLIST_FILE = BackupStatusWidget/Info.plist;
				INFOPLIST_KEY_NSHumanReadableCopyright = "";
				LD_RUNPATH_SEARCH_PATHS = (
					"$(inherited)",
					"@executable_path/../Frameworks",
					"@executable_path/../../../../Frameworks",
				);
				MACOSX_DEPLOYMENT_TARGET = 14.0;
				MARKETING_VERSION = 1.1.0;
				PRODUCT_BUNDLE_IDENTIFIER = "nl.nielsmouthaan.backup-status.widget";
				PRODUCT_NAME = "$(TARGET_NAME)";
				SKIP_INSTALL = YES;
				SWIFT_EMIT_LOC_STRINGS = YES;
			};
			name = Debug;
		};
		B843A47B2B0B6E1900BE2277 /* Release */ = {
			isa = XCBuildConfiguration;
			buildSettings = {
				ASSETCATALOG_COMPILER_GLOBAL_ACCENT_COLOR_NAME = AccentColor;
				ASSETCATALOG_COMPILER_WIDGET_BACKGROUND_COLOR_NAME = WidgetBackground;
				CODE_SIGN_ENTITLEMENTS = BackupStatusWidget/BackupStatusWidget.entitlements;
				CODE_SIGN_STYLE = Automatic;
				CURRENT_PROJECT_VERSION = 2;
				DEVELOPMENT_TEAM = DNG6HL3Y5G;
				ENABLE_APP_SANDBOX = NO;
				ENABLE_HARDENED_RUNTIME = YES;
				GENERATE_INFOPLIST_FILE = YES;
				INFOPLIST_FILE = BackupStatusWidget/Info.plist;
				INFOPLIST_KEY_NSHumanReadableCopyright = "";
				LD_RUNPATH_SEARCH_PATHS = (
					"$(inherited)",
					"@executable_path/../Frameworks",
					"@executable_path/../../../../Frameworks",
				);
				MACOSX_DEPLOYMENT_TARGET = 14.0;
				MARKETING_VERSION = 1.1.0;
				PRODUCT_BUNDLE_IDENTIFIER = "nl.nielsmouthaan.backup-status.widget";
				PRODUCT_NAME = "$(TARGET_NAME)";
				SKIP_INSTALL = YES;
				SWIFT_EMIT_LOC_STRINGS = YES;
			};
			name = Release;
		};
		B8475E072B0B6C26005FD99C /* Debug */ = {
			isa = XCBuildConfiguration;
			buildSettings = {
				ALWAYS_SEARCH_USER_PATHS = NO;
				ASSETCATALOG_COMPILER_GENERATE_SWIFT_ASSET_SYMBOL_EXTENSIONS = YES;
				CLANG_ANALYZER_NONNULL = YES;
				CLANG_ANALYZER_NUMBER_OBJECT_CONVERSION = YES_AGGRESSIVE;
				CLANG_CXX_LANGUAGE_STANDARD = "gnu++20";
				CLANG_ENABLE_MODULES = YES;
				CLANG_ENABLE_OBJC_ARC = YES;
				CLANG_ENABLE_OBJC_WEAK = YES;
				CLANG_WARN_BLOCK_CAPTURE_AUTORELEASING = YES;
				CLANG_WARN_BOOL_CONVERSION = YES;
				CLANG_WARN_COMMA = YES;
				CLANG_WARN_CONSTANT_CONVERSION = YES;
				CLANG_WARN_DEPRECATED_OBJC_IMPLEMENTATIONS = YES;
				CLANG_WARN_DIRECT_OBJC_ISA_USAGE = YES_ERROR;
				CLANG_WARN_DOCUMENTATION_COMMENTS = YES;
				CLANG_WARN_EMPTY_BODY = YES;
				CLANG_WARN_ENUM_CONVERSION = YES;
				CLANG_WARN_INFINITE_RECURSION = YES;
				CLANG_WARN_INT_CONVERSION = YES;
				CLANG_WARN_NON_LITERAL_NULL_CONVERSION = YES;
				CLANG_WARN_OBJC_IMPLICIT_RETAIN_SELF = YES;
				CLANG_WARN_OBJC_LITERAL_CONVERSION = YES;
				CLANG_WARN_OBJC_ROOT_CLASS = YES_ERROR;
				CLANG_WARN_QUOTED_INCLUDE_IN_FRAMEWORK_HEADER = YES;
				CLANG_WARN_RANGE_LOOP_ANALYSIS = YES;
				CLANG_WARN_STRICT_PROTOTYPES = YES;
				CLANG_WARN_SUSPICIOUS_MOVE = YES;
				CLANG_WARN_UNGUARDED_AVAILABILITY = YES_AGGRESSIVE;
				CLANG_WARN_UNREACHABLE_CODE = YES;
				CLANG_WARN__DUPLICATE_METHOD_MATCH = YES;
				COPY_PHASE_STRIP = NO;
				DEBUG_INFORMATION_FORMAT = dwarf;
				ENABLE_STRICT_OBJC_MSGSEND = YES;
				ENABLE_TESTABILITY = YES;
				ENABLE_USER_SCRIPT_SANDBOXING = YES;
				GCC_C_LANGUAGE_STANDARD = gnu17;
				GCC_DYNAMIC_NO_PIC = NO;
				GCC_NO_COMMON_BLOCKS = YES;
				GCC_OPTIMIZATION_LEVEL = 0;
				GCC_PREPROCESSOR_DEFINITIONS = (
					"DEBUG=1",
					"$(inherited)",
				);
				GCC_WARN_64_TO_32_BIT_CONVERSION = YES;
				GCC_WARN_ABOUT_RETURN_TYPE = YES_ERROR;
				GCC_WARN_UNDECLARED_SELECTOR = YES;
				GCC_WARN_UNINITIALIZED_AUTOS = YES_AGGRESSIVE;
				GCC_WARN_UNUSED_FUNCTION = YES;
				GCC_WARN_UNUSED_VARIABLE = YES;
				LOCALIZATION_PREFERS_STRING_CATALOGS = YES;
				MACOSX_DEPLOYMENT_TARGET = 14.0;
				MTL_ENABLE_DEBUG_INFO = INCLUDE_SOURCE;
				MTL_FAST_MATH = YES;
				ONLY_ACTIVE_ARCH = YES;
				SDKROOT = macosx;
				SWIFT_ACTIVE_COMPILATION_CONDITIONS = "DEBUG $(inherited)";
				SWIFT_OPTIMIZATION_LEVEL = "-Onone";
				SWIFT_VERSION = 6.0;
			};
			name = Debug;
		};
		B8475E082B0B6C26005FD99C /* Release */ = {
			isa = XCBuildConfiguration;
			buildSettings = {
				ALWAYS_SEARCH_USER_PATHS = NO;
				ASSETCATALOG_COMPILER_GENERATE_SWIFT_ASSET_SYMBOL_EXTENSIONS = YES;
				CLANG_ANALYZER_NONNULL = YES;
				CLANG_ANALYZER_NUMBER_OBJECT_CONVERSION = YES_AGGRESSIVE;
				CLANG_CXX_LANGUAGE_STANDARD = "gnu++20";
				CLANG_ENABLE_MODULES = YES;
				CLANG_ENABLE_OBJC_ARC = YES;
				CLANG_ENABLE_OBJC_WEAK = YES;
				CLANG_WARN_BLOCK_CAPTURE_AUTORELEASING = YES;
				CLANG_WARN_BOOL_CONVERSION = YES;
				CLANG_WARN_COMMA = YES;
				CLANG_WARN_CONSTANT_CONVERSION = YES;
				CLANG_WARN_DEPRECATED_OBJC_IMPLEMENTATIONS = YES;
				CLANG_WARN_DIRECT_OBJC_ISA_USAGE = YES_ERROR;
				CLANG_WARN_DOCUMENTATION_COMMENTS = YES;
				CLANG_WARN_EMPTY_BODY = YES;
				CLANG_WARN_ENUM_CONVERSION = YES;
				CLANG_WARN_INFINITE_RECURSION = YES;
				CLANG_WARN_INT_CONVERSION = YES;
				CLANG_WARN_NON_LITERAL_NULL_CONVERSION = YES;
				CLANG_WARN_OBJC_IMPLICIT_RETAIN_SELF = YES;
				CLANG_WARN_OBJC_LITERAL_CONVERSION = YES;
				CLANG_WARN_OBJC_ROOT_CLASS = YES_ERROR;
				CLANG_WARN_QUOTED_INCLUDE_IN_FRAMEWORK_HEADER = YES;
				CLANG_WARN_RANGE_LOOP_ANALYSIS = YES;
				CLANG_WARN_STRICT_PROTOTYPES = YES;
				CLANG_WARN_SUSPICIOUS_MOVE = YES;
				CLANG_WARN_UNGUARDED_AVAILABILITY = YES_AGGRESSIVE;
				CLANG_WARN_UNREACHABLE_CODE = YES;
				CLANG_WARN__DUPLICATE_METHOD_MATCH = YES;
				COPY_PHASE_STRIP = NO;
				DEBUG_INFORMATION_FORMAT = "dwarf-with-dsym";
				ENABLE_NS_ASSERTIONS = NO;
				ENABLE_STRICT_OBJC_MSGSEND = YES;
				ENABLE_USER_SCRIPT_SANDBOXING = YES;
				GCC_C_LANGUAGE_STANDARD = gnu17;
				GCC_NO_COMMON_BLOCKS = YES;
				GCC_WARN_64_TO_32_BIT_CONVERSION = YES;
				GCC_WARN_ABOUT_RETURN_TYPE = YES_ERROR;
				GCC_WARN_UNDECLARED_SELECTOR = YES;
				GCC_WARN_UNINITIALIZED_AUTOS = YES_AGGRESSIVE;
				GCC_WARN_UNUSED_FUNCTION = YES;
				GCC_WARN_UNUSED_VARIABLE = YES;
				LOCALIZATION_PREFERS_STRING_CATALOGS = YES;
				MACOSX_DEPLOYMENT_TARGET = 14.0;
				MTL_ENABLE_DEBUG_INFO = NO;
				MTL_FAST_MATH = YES;
				SDKROOT = macosx;
				SWIFT_COMPILATION_MODE = wholemodule;
				SWIFT_VERSION = 6.0;
			};
			name = Release;
		};
		B8475E0A2B0B6C26005FD99C /* Debug */ = {
			isa = XCBuildConfiguration;
			buildSettings = {
				ALWAYS_EMBED_SWIFT_STANDARD_LIBRARIES = YES;
				ASSETCATALOG_COMPILER_APPICON_NAME = AppIcon;
				ASSETCATALOG_COMPILER_GLOBAL_ACCENT_COLOR_NAME = AccentColor;
				CODE_SIGN_ENTITLEMENTS = BackupStatus/BackupStatus.entitlements;
				CODE_SIGN_STYLE = Automatic;
				COMBINE_HIDPI_IMAGES = YES;
				CURRENT_PROJECT_VERSION = 2;
				DEVELOPMENT_ASSET_PATHS = "\"BackupStatus/Preview Content\"";
				DEVELOPMENT_TEAM = DNG6HL3Y5G;
				ENABLE_HARDENED_RUNTIME = YES;
				ENABLE_PREVIEWS = YES;
				GENERATE_INFOPLIST_FILE = YES;
				INFOPLIST_KEY_LSApplicationCategoryType = "public.app-category.utilities";
				INFOPLIST_KEY_LSUIElement = YES;
				INFOPLIST_KEY_NSHumanReadableCopyright = "";
				INFOPLIST_KEY_NSMainStoryboardFile = Main;
				LD_RUNPATH_SEARCH_PATHS = (
					"$(inherited)",
					"@executable_path/../Frameworks",
				);
				MACOSX_DEPLOYMENT_TARGET = 14.0;
				MARKETING_VERSION = 1.1.0;
				PRODUCT_BUNDLE_IDENTIFIER = "nl.nielsmouthaan.backup-status";
				PRODUCT_NAME = "$(TARGET_NAME)";
				SWIFT_EMIT_LOC_STRINGS = YES;
			};
			name = Debug;
		};
		B8475E0B2B0B6C26005FD99C /* Release */ = {
			isa = XCBuildConfiguration;
			buildSettings = {
				ALWAYS_EMBED_SWIFT_STANDARD_LIBRARIES = YES;
				ASSETCATALOG_COMPILER_APPICON_NAME = AppIcon;
				ASSETCATALOG_COMPILER_GLOBAL_ACCENT_COLOR_NAME = AccentColor;
				CODE_SIGN_ENTITLEMENTS = BackupStatus/BackupStatus.entitlements;
				CODE_SIGN_STYLE = Automatic;
				COMBINE_HIDPI_IMAGES = YES;
				CURRENT_PROJECT_VERSION = 2;
				DEVELOPMENT_ASSET_PATHS = "\"BackupStatus/Preview Content\"";
				DEVELOPMENT_TEAM = DNG6HL3Y5G;
				ENABLE_HARDENED_RUNTIME = YES;
				ENABLE_PREVIEWS = YES;
				GENERATE_INFOPLIST_FILE = YES;
				INFOPLIST_KEY_LSApplicationCategoryType = "public.app-category.utilities";
				INFOPLIST_KEY_LSUIElement = YES;
				INFOPLIST_KEY_NSHumanReadableCopyright = "";
				INFOPLIST_KEY_NSMainStoryboardFile = Main;
				LD_RUNPATH_SEARCH_PATHS = (
					"$(inherited)",
					"@executable_path/../Frameworks",
				);
				MACOSX_DEPLOYMENT_TARGET = 14.0;
				MARKETING_VERSION = 1.1.0;
				PRODUCT_BUNDLE_IDENTIFIER = "nl.nielsmouthaan.backup-status";
				PRODUCT_NAME = "$(TARGET_NAME)";
				SWIFT_EMIT_LOC_STRINGS = YES;
			};
			name = Release;
		};
/* End XCBuildConfiguration section */

/* Begin XCConfigurationList section */
		B843A4792B0B6E1900BE2277 /* Build configuration list for PBXNativeTarget "Backup Status Widget" */ = {
			isa = XCConfigurationList;
			buildConfigurations = (
				B843A47A2B0B6E1900BE2277 /* Debug */,
				B843A47B2B0B6E1900BE2277 /* Release */,
			);
			defaultConfigurationIsVisible = 0;
			defaultConfigurationName = Release;
		};
		B8475DF52B0B6C25005FD99C /* Build configuration list for PBXProject "BackupStatus" */ = {
			isa = XCConfigurationList;
			buildConfigurations = (
				B8475E072B0B6C26005FD99C /* Debug */,
				B8475E082B0B6C26005FD99C /* Release */,
			);
			defaultConfigurationIsVisible = 0;
			defaultConfigurationName = Release;
		};
		B8475E092B0B6C26005FD99C /* Build configuration list for PBXNativeTarget "Backup Status" */ = {
			isa = XCConfigurationList;
			buildConfigurations = (
				B8475E0A2B0B6C26005FD99C /* Debug */,
				B8475E0B2B0B6C26005FD99C /* Release */,
			);
			defaultConfigurationIsVisible = 0;
			defaultConfigurationName = Release;
		};
/* End XCConfigurationList section */

/* Begin XCRemoteSwiftPackageReference section */
		C3EFCC23E7F4E4F0295D6BD2 /* XCRemoteSwiftPackageReference "PermissionsKit" */ = {
			isa = XCRemoteSwiftPackageReference;
			repositoryURL = "https://github.com/MacPaw/PermissionsKit";
			requirement = {
				branch = master;
				kind = branch;
			};
		};
/* End XCRemoteSwiftPackageReference section */

/* Begin XCSwiftPackageProductDependency section */
		72C608E1D339CB8EF4E54F7F /* PermissionsKit */ = {
			isa = XCSwiftPackageProductDependency;
			package = C3EFCC23E7F4E4F0295D6BD2 /* XCRemoteSwiftPackageReference "PermissionsKit" */;
			productName = PermissionsKit;
		};
/* End XCSwiftPackageProductDependency section */
	};
	rootObject = B8475DF22B0B6C25005FD99C /* Project object */;
}
